
Microsoft Visual Studio Solution File, Format Version 12.00
# Visual Studio 15
VisualStudioVersion = 15.0.27004.2009
MinimumVisualStudioVersion = 10.0.40219.1
Project("{FAE04EC0-301F-11D3-BF4B-00C04F79EFBC}") = "JsonConfig", "JsonConfig.csproj", "{10095092-E1E5-441F-9380-B6329F3CFEB4}"
EndProject
Global
	GlobalSection(SolutionConfigurationPlatforms) = preSolution
		Debug|Any CPU = Debug|Any CPU
		Debug|x86 = Debug|x86
		Release|Any CPU = Release|Any CPU
		Release|x86 = Release|x86
		Testing|Any CPU = Testing|Any CPU
		Testing|x86 = Testing|x86
	EndGlobalSection
	GlobalSection(ProjectConfigurationPlatforms) = postSolution
		{10095092-E1E5-441F-9380-B6329F3CFEB4}.Debug|Any CPU.ActiveCfg = Debug|Any CPU
		{10095092-E1E5-441F-9380-B6329F3CFEB4}.Debug|Any CPU.Build.0 = Debug|Any CPU
		{10095092-E1E5-441F-9380-B6329F3CFEB4}.Debug|x86.ActiveCfg = Debug|x86
		{10095092-E1E5-441F-9380-B6329F3CFEB4}.Debug|x86.Build.0 = Debug|x86
		{10095092-E1E5-441F-9380-B6329F3CFEB4}.Release|Any CPU.ActiveCfg = Release|Any CPU
		{10095092-E1E5-441F-9380-B6329F3CFEB4}.Release|Any CPU.Build.0 = Release|Any CPU
		{10095092-E1E5-441F-9380-B6329F3CFEB4}.Release|x86.ActiveCfg = Release|x86
		{10095092-E1E5-441F-9380-B6329F3CFEB4}.Release|x86.Build.0 = Release|x86
		{10095092-E1E5-441F-9380-B6329F3CFEB4}.Testing|Any CPU.ActiveCfg = Testing|Any CPU
		{10095092-E1E5-441F-9380-B6329F3CFEB4}.Testing|Any CPU.Build.0 = Testing|Any CPU
		{10095092-E1E5-441F-9380-B6329F3CFEB4}.Testing|x86.ActiveCfg = Testing|x86
		{10095092-E1E5-441F-9380-B6329F3CFEB4}.Testing|x86.Build.0 = Testing|x86
	EndGlobalSection
	GlobalSection(SolutionProperties) = preSolution
		HideSolutionNode = FALSE
	EndGlobalSection
	GlobalSection(ExtensibilityGlobals) = postSolution
		SolutionGuid = {C93A0A2D-4F6A-4C6A-B16D-ED9B1CA09112}
	EndGlobalSection
EndGlobal
